// !$*UTF8*$!
{
	archiveVersion = 1;
	classes = {
	};
	objectVersion = 46;
	objects = {

/* Begin PBXBuildFile section */
		DC624E6C1C55AED40003C653 /* Jolt.h in Headers */ = {isa = PBXBuildFile; fileRef = DC624E6B1C55AED40003C653 /* Jolt.h */; settings = {ATTRIBUTES = (Public, ); }; };
		DC624E731C55AED40003C653 /* Jolt.framework in Frameworks */ = {isa = PBXBuildFile; fileRef = DC624E681C55AED40003C653 /* Jolt.framework */; };
		DC624E901C55B06C0003C653 /* AccelerateFloatingPoint.swift in Sources */ = {isa = PBXBuildFile; fileRef = DC624E831C55B06C0003C653 /* AccelerateFloatingPoint.swift */; };
		DC624E911C55B06C0003C653 /* Arithmetic.swift in Sources */ = {isa = PBXBuildFile; fileRef = DC624E841C55B06C0003C653 /* Arithmetic.swift */; };
		DC624E921C55B06C0003C653 /* Auxiliary.swift in Sources */ = {isa = PBXBuildFile; fileRef = DC624E851C55B06C0003C653 /* Auxiliary.swift */; };
		DC624E931C55B06C0003C653 /* Double.swift in Sources */ = {isa = PBXBuildFile; fileRef = DC624E861C55B06C0003C653 /* Double.swift */; };
		DC624E941C55B06C0003C653 /* Exponential.swift in Sources */ = {isa = PBXBuildFile; fileRef = DC624E871C55B06C0003C653 /* Exponential.swift */; };
		DC624E951C55B06C0003C653 /* FFT.swift in Sources */ = {isa = PBXBuildFile; fileRef = DC624E881C55B06C0003C653 /* FFT.swift */; };
		DC624E961C55B06C0003C653 /* Float.swift in Sources */ = {isa = PBXBuildFile; fileRef = DC624E891C55B06C0003C653 /* Float.swift */; };
		DC624E971C55B06C0003C653 /* Hyperbolic.swift in Sources */ = {isa = PBXBuildFile; fileRef = DC624E8A1C55B06C0003C653 /* Hyperbolic.swift */; };
		DC624E991C55B06C0003C653 /* Matrix.swift in Sources */ = {isa = PBXBuildFile; fileRef = DC624E8C1C55B06C0003C653 /* Matrix.swift */; };
		DC624E9A1C55B06C0003C653 /* Power.swift in Sources */ = {isa = PBXBuildFile; fileRef = DC624E8D1C55B06C0003C653 /* Power.swift */; };
		DC624E9B1C55B06C0003C653 /* Trigonometric.swift in Sources */ = {isa = PBXBuildFile; fileRef = DC624E8E1C55B06C0003C653 /* Trigonometric.swift */; };
		DC624E9C1C55B06C0003C653 /* Vector.swift in Sources */ = {isa = PBXBuildFile; fileRef = DC624E8F1C55B06C0003C653 /* Vector.swift */; };
		DC624E9E1C55B10E0003C653 /* ArithmeticTests.swift in Sources */ = {isa = PBXBuildFile; fileRef = DC624E9D1C55B10E0003C653 /* ArithmeticTests.swift */; };
/* End PBXBuildFile section */

/* Begin PBXContainerItemProxy section */
		DC624E741C55AED40003C653 /* PBXContainerItemProxy */ = {
			isa = PBXContainerItemProxy;
			containerPortal = DC624E5F1C55AED40003C653 /* Project object */;
			proxyType = 1;
			remoteGlobalIDString = DC624E671C55AED40003C653;
			remoteInfo = Jolt;
		};
/* End PBXContainerItemProxy section */

/* Begin PBXFileReference section */
		DC624E681C55AED40003C653 /* Jolt.framework */ = {isa = PBXFileReference; explicitFileType = wrapper.framework; includeInIndex = 0; path = Jolt.framework; sourceTree = BUILT_PRODUCTS_DIR; };
		DC624E6B1C55AED40003C653 /* Jolt.h */ = {isa = PBXFileReference; lastKnownFileType = sourcecode.c.h; path = Jolt.h; sourceTree = "<group>"; };
		DC624E6D1C55AED40003C653 /* Info.plist */ = {isa = PBXFileReference; lastKnownFileType = text.plist.xml; path = Info.plist; sourceTree = "<group>"; };
		DC624E721C55AED40003C653 /* JoltTests.xctest */ = {isa = PBXFileReference; explicitFileType = wrapper.cfbundle; includeInIndex = 0; path = JoltTests.xctest; sourceTree = BUILT_PRODUCTS_DIR; };
		DC624E791C55AED40003C653 /* Info.plist */ = {isa = PBXFileReference; lastKnownFileType = text.plist.xml; path = Info.plist; sourceTree = "<group>"; };
		DC624E831C55B06C0003C653 /* AccelerateFloatingPoint.swift */ = {isa = PBXFileReference; fileEncoding = 4; lastKnownFileType = sourcecode.swift; path = AccelerateFloatingPoint.swift; sourceTree = "<group>"; };
		DC624E841C55B06C0003C653 /* Arithmetic.swift */ = {isa = PBXFileReference; fileEncoding = 4; lastKnownFileType = sourcecode.swift; path = Arithmetic.swift; sourceTree = "<group>"; };
		DC624E851C55B06C0003C653 /* Auxiliary.swift */ = {isa = PBXFileReference; fileEncoding = 4; lastKnownFileType = sourcecode.swift; path = Auxiliary.swift; sourceTree = "<group>"; };
		DC624E861C55B06C0003C653 /* Double.swift */ = {isa = PBXFileReference; fileEncoding = 4; lastKnownFileType = sourcecode.swift; path = Double.swift; sourceTree = "<group>"; };
		DC624E871C55B06C0003C653 /* Exponential.swift */ = {isa = PBXFileReference; fileEncoding = 4; lastKnownFileType = sourcecode.swift; path = Exponential.swift; sourceTree = "<group>"; };
		DC624E881C55B06C0003C653 /* FFT.swift */ = {isa = PBXFileReference; fileEncoding = 4; lastKnownFileType = sourcecode.swift; path = FFT.swift; sourceTree = "<group>"; };
		DC624E891C55B06C0003C653 /* Float.swift */ = {isa = PBXFileReference; fileEncoding = 4; lastKnownFileType = sourcecode.swift; path = Float.swift; sourceTree = "<group>"; };
		DC624E8A1C55B06C0003C653 /* Hyperbolic.swift */ = {isa = PBXFileReference; fileEncoding = 4; lastKnownFileType = sourcecode.swift; path = Hyperbolic.swift; sourceTree = "<group>"; };
		DC624E8C1C55B06C0003C653 /* Matrix.swift */ = {isa = PBXFileReference; fileEncoding = 4; lastKnownFileType = sourcecode.swift; path = Matrix.swift; sourceTree = "<group>"; };
		DC624E8D1C55B06C0003C653 /* Power.swift */ = {isa = PBXFileReference; fileEncoding = 4; lastKnownFileType = sourcecode.swift; path = Power.swift; sourceTree = "<group>"; };
		DC624E8E1C55B06C0003C653 /* Trigonometric.swift */ = {isa = PBXFileReference; fileEncoding = 4; lastKnownFileType = sourcecode.swift; path = Trigonometric.swift; sourceTree = "<group>"; };
		DC624E8F1C55B06C0003C653 /* Vector.swift */ = {isa = PBXFileReference; fileEncoding = 4; lastKnownFileType = sourcecode.swift; path = Vector.swift; sourceTree = "<group>"; };
		DC624E9D1C55B10E0003C653 /* ArithmeticTests.swift */ = {isa = PBXFileReference; fileEncoding = 4; lastKnownFileType = sourcecode.swift; name = ArithmeticTests.swift; path = ../../JoltFork/JoltTests/ArithmeticTests.swift; sourceTree = "<group>"; };
		DC624E9F1C55B1700003C653 /* Jolt.playground */ = {isa = PBXFileReference; lastKnownFileType = file.playground; path = Jolt.playground; sourceTree = "<group>"; };
/* End PBXFileReference section */

/* Begin PBXFrameworksBuildPhase section */
		DC624E641C55AED40003C653 /* Frameworks */ = {
			isa = PBXFrameworksBuildPhase;
			buildActionMask = 2147483647;
			files = (
			);
			runOnlyForDeploymentPostprocessing = 0;
		};
		DC624E6F1C55AED40003C653 /* Frameworks */ = {
			isa = PBXFrameworksBuildPhase;
			buildActionMask = 2147483647;
			files = (
				DC624E731C55AED40003C653 /* Jolt.framework in Frameworks */,
			);
			runOnlyForDeploymentPostprocessing = 0;
		};
/* End PBXFrameworksBuildPhase section */

/* Begin PBXGroup section */
		DC624E5E1C55AED40003C653 = {
			isa = PBXGroup;
			children = (
				DC624E6A1C55AED40003C653 /* Jolt */,
				DC624E761C55AED40003C653 /* JoltTests */,
				DC624E691C55AED40003C653 /* Products */,
			);
			sourceTree = "<group>";
		};
		DC624E691C55AED40003C653 /* Products */ = {
			isa = PBXGroup;
			children = (
				DC624E681C55AED40003C653 /* Jolt.framework */,
				DC624E721C55AED40003C653 /* JoltTests.xctest */,
			);
			name = Products;
			sourceTree = "<group>";
		};
		DC624E6A1C55AED40003C653 /* Jolt */ = {
			isa = PBXGroup;
			children = (
				DC624E821C55B06C0003C653 /* Source */,
				DC624E6B1C55AED40003C653 /* Jolt.h */,
				DC624E6D1C55AED40003C653 /* Info.plist */,
				DC624E9F1C55B1700003C653 /* Jolt.playground */,
			);
			path = Jolt;
			sourceTree = "<group>";
		};
		DC624E761C55AED40003C653 /* JoltTests */ = {
			isa = PBXGroup;
			children = (
				DC624E9D1C55B10E0003C653 /* ArithmeticTests.swift */,
				DC624E791C55AED40003C653 /* Info.plist */,
			);
			path = JoltTests;
			sourceTree = "<group>";
		};
		DC624E821C55B06C0003C653 /* Source */ = {
			isa = PBXGroup;
			children = (
				DC624E831C55B06C0003C653 /* AccelerateFloatingPoint.swift */,
				DC624E891C55B06C0003C653 /* Float.swift */,
				DC624E861C55B06C0003C653 /* Double.swift */,
				DC624E841C55B06C0003C653 /* Arithmetic.swift */,
				DC624E851C55B06C0003C653 /* Auxiliary.swift */,
				DC624E8F1C55B06C0003C653 /* Vector.swift */,
				DC624E871C55B06C0003C653 /* Exponential.swift */,
				DC624E881C55B06C0003C653 /* FFT.swift */,
				DC624E8A1C55B06C0003C653 /* Hyperbolic.swift */,
				DC624E8D1C55B06C0003C653 /* Power.swift */,
				DC624E8E1C55B06C0003C653 /* Trigonometric.swift */,
				DC624E8C1C55B06C0003C653 /* Matrix.swift */,
			);
			path = Source;
			sourceTree = SOURCE_ROOT;
		};
/* End PBXGroup section */

/* Begin PBXHeadersBuildPhase section */
		DC624E651C55AED40003C653 /* Headers */ = {
			isa = PBXHeadersBuildPhase;
			buildActionMask = 2147483647;
			files = (
				DC624E6C1C55AED40003C653 /* Jolt.h in Headers */,
			);
			runOnlyForDeploymentPostprocessing = 0;
		};
/* End PBXHeadersBuildPhase section */

/* Begin PBXNativeTarget section */
		DC624E671C55AED40003C653 /* Jolt */ = {
			isa = PBXNativeTarget;
			buildConfigurationList = DC624E7C1C55AED40003C653 /* Build configuration list for PBXNativeTarget "Jolt" */;
			buildPhases = (
				DC624E631C55AED40003C653 /* Sources */,
				DC624E641C55AED40003C653 /* Frameworks */,
				DC624E651C55AED40003C653 /* Headers */,
				DC624E661C55AED40003C653 /* Resources */,
			);
			buildRules = (
			);
			dependencies = (
			);
			name = Jolt;
			productName = Jolt;
			productReference = DC624E681C55AED40003C653 /* Jolt.framework */;
			productType = "com.apple.product-type.framework";
		};
		DC624E711C55AED40003C653 /* JoltTests */ = {
			isa = PBXNativeTarget;
			buildConfigurationList = DC624E7F1C55AED40003C653 /* Build configuration list for PBXNativeTarget "JoltTests" */;
			buildPhases = (
				DC624E6E1C55AED40003C653 /* Sources */,
				DC624E6F1C55AED40003C653 /* Frameworks */,
				DC624E701C55AED40003C653 /* Resources */,
			);
			buildRules = (
			);
			dependencies = (
				DC624E751C55AED40003C653 /* PBXTargetDependency */,
			);
			name = JoltTests;
			productName = JoltTests;
			productReference = DC624E721C55AED40003C653 /* JoltTests.xctest */;
			productType = "com.apple.product-type.bundle.unit-test";
		};
/* End PBXNativeTarget section */

/* Begin PBXProject section */
		DC624E5F1C55AED40003C653 /* Project object */ = {
			isa = PBXProject;
			attributes = {
				LastSwiftUpdateCheck = 0720;
				LastUpgradeCheck = 0720;
				ORGANIZATIONNAME = "Tyler Cloutier";
				TargetAttributes = {
					DC624E671C55AED40003C653 = {
						CreatedOnToolsVersion = 7.2;
					};
					DC624E711C55AED40003C653 = {
						CreatedOnToolsVersion = 7.2;
					};
				};
			};
			buildConfigurationList = DC624E621C55AED40003C653 /* Build configuration list for PBXProject "Jolt" */;
			compatibilityVersion = "Xcode 3.2";
			developmentRegion = English;
			hasScannedForEncodings = 0;
			knownRegions = (
				en,
			);
			mainGroup = DC624E5E1C55AED40003C653;
			productRefGroup = DC624E691C55AED40003C653 /* Products */;
			projectDirPath = "";
			projectRoot = "";
			targets = (
				DC624E671C55AED40003C653 /* Jolt */,
				DC624E711C55AED40003C653 /* JoltTests */,
			);
		};
/* End PBXProject section */

/* Begin PBXResourcesBuildPhase section */
		DC624E661C55AED40003C653 /* Resources */ = {
			isa = PBXResourcesBuildPhase;
			buildActionMask = 2147483647;
			files = (
			);
			runOnlyForDeploymentPostprocessing = 0;
		};
		DC624E701C55AED40003C653 /* Resources */ = {
			isa = PBXResourcesBuildPhase;
			buildActionMask = 2147483647;
			files = (
			);
			runOnlyForDeploymentPostprocessing = 0;
		};
/* End PBXResourcesBuildPhase section */

/* Begin PBXSourcesBuildPhase section */
		DC624E631C55AED40003C653 /* Sources */ = {
			isa = PBXSourcesBuildPhase;
			buildActionMask = 2147483647;
			files = (
				DC624E901C55B06C0003C653 /* AccelerateFloatingPoint.swift in Sources */,
				DC624E911C55B06C0003C653 /* Arithmetic.swift in Sources */,
				DC624E991C55B06C0003C653 /* Matrix.swift in Sources */,
				DC624E951C55B06C0003C653 /* FFT.swift in Sources */,
				DC624E961C55B06C0003C653 /* Float.swift in Sources */,
				DC624E971C55B06C0003C653 /* Hyperbolic.swift in Sources */,
				DC624E931C55B06C0003C653 /* Double.swift in Sources */,
				DC624E9A1C55B06C0003C653 /* Power.swift in Sources */,
				DC624E9B1C55B06C0003C653 /* Trigonometric.swift in Sources */,
				DC624E921C55B06C0003C653 /* Auxiliary.swift in Sources */,
				DC624E9C1C55B06C0003C653 /* Vector.swift in Sources */,
				DC624E941C55B06C0003C653 /* Exponential.swift in Sources */,
			);
			runOnlyForDeploymentPostprocessing = 0;
		};
		DC624E6E1C55AED40003C653 /* Sources */ = {
			isa = PBXSourcesBuildPhase;
			buildActionMask = 2147483647;
			files = (
				DC624E9E1C55B10E0003C653 /* ArithmeticTests.swift in Sources */,
			);
			runOnlyForDeploymentPostprocessing = 0;
		};
/* End PBXSourcesBuildPhase section */

/* Begin PBXTargetDependency section */
		DC624E751C55AED40003C653 /* PBXTargetDependency */ = {
			isa = PBXTargetDependency;
			target = DC624E671C55AED40003C653 /* Jolt */;
			targetProxy = DC624E741C55AED40003C653 /* PBXContainerItemProxy */;
		};
/* End PBXTargetDependency section */

/* Begin XCBuildConfiguration section */
		DC624E7A1C55AED40003C653 /* Debug */ = {
			isa = XCBuildConfiguration;
			buildSettings = {
				ALWAYS_SEARCH_USER_PATHS = NO;
				CLANG_CXX_LANGUAGE_STANDARD = "gnu++0x";
				CLANG_CXX_LIBRARY = "libc++";
				CLANG_ENABLE_MODULES = YES;
				CLANG_ENABLE_OBJC_ARC = YES;
				CLANG_WARN_BOOL_CONVERSION = YES;
				CLANG_WARN_CONSTANT_CONVERSION = YES;
				CLANG_WARN_DIRECT_OBJC_ISA_USAGE = YES_ERROR;
				CLANG_WARN_EMPTY_BODY = YES;
				CLANG_WARN_ENUM_CONVERSION = YES;
				CLANG_WARN_INT_CONVERSION = YES;
				CLANG_WARN_OBJC_ROOT_CLASS = YES_ERROR;
				CLANG_WARN_UNREACHABLE_CODE = YES;
				CLANG_WARN__DUPLICATE_METHOD_MATCH = YES;
				"CODE_SIGN_IDENTITY[sdk=iphoneos*]" = "iPhone Developer";
				COPY_PHASE_STRIP = NO;
				CURRENT_PROJECT_VERSION = 1;
				DEBUG_INFORMATION_FORMAT = dwarf;
				ENABLE_STRICT_OBJC_MSGSEND = YES;
				ENABLE_TESTABILITY = YES;
				GCC_C_LANGUAGE_STANDARD = gnu99;
				GCC_DYNAMIC_NO_PIC = NO;
				GCC_NO_COMMON_BLOCKS = YES;
				GCC_OPTIMIZATION_LEVEL = 0;
				GCC_PREPROCESSOR_DEFINITIONS = (
					"DEBUG=1",
					"$(inherited)",
				);
				GCC_WARN_64_TO_32_BIT_CONVERSION = YES;
				GCC_WARN_ABOUT_RETURN_TYPE = YES_ERROR;
				GCC_WARN_UNDECLARED_SELECTOR = YES;
				GCC_WARN_UNINITIALIZED_AUTOS = YES_AGGRESSIVE;
				GCC_WARN_UNUSED_FUNCTION = YES;
				GCC_WARN_UNUSED_VARIABLE = YES;
				IPHONEOS_DEPLOYMENT_TARGET = 9.2;
				MTL_ENABLE_DEBUG_INFO = YES;
				ONLY_ACTIVE_ARCH = YES;
				SDKROOT = macosx;
				SUPPORTED_PLATFORMS = "iphonesimulator iphoneos macosx";
				SWIFT_OPTIMIZATION_LEVEL = "-Onone";
				TARGETED_DEVICE_FAMILY = "1,2";
				VALID_ARCHS = "arm64 armv7 armv7s i386 x86_64";
				VERSIONING_SYSTEM = "apple-generic";
				VERSION_INFO_PREFIX = "";
			};
			name = Debug;
		};
		DC624E7B1C55AED40003C653 /* Release */ = {
			isa = XCBuildConfiguration;
			buildSettings = {
				ALWAYS_SEARCH_USER_PATHS = NO;
				CLANG_CXX_LANGUAGE_STANDARD = "gnu++0x";
				CLANG_CXX_LIBRARY = "libc++";
				CLANG_ENABLE_MODULES = YES;
				CLANG_ENABLE_OBJC_ARC = YES;
				CLANG_WARN_BOOL_CONVERSION = YES;
				CLANG_WARN_CONSTANT_CONVERSION = YES;
				CLANG_WARN_DIRECT_OBJC_ISA_USAGE = YES_ERROR;
				CLANG_WARN_EMPTY_BODY = YES;
				CLANG_WARN_ENUM_CONVERSION = YES;
				CLANG_WARN_INT_CONVERSION = YES;
				CLANG_WARN_OBJC_ROOT_CLASS = YES_ERROR;
				CLANG_WARN_UNREACHABLE_CODE = YES;
				CLANG_WARN__DUPLICATE_METHOD_MATCH = YES;
				"CODE_SIGN_IDENTITY[sdk=iphoneos*]" = "iPhone Developer";
				COPY_PHASE_STRIP = NO;
				CURRENT_PROJECT_VERSION = 1;
				DEBUG_INFORMATION_FORMAT = "dwarf-with-dsym";
				ENABLE_NS_ASSERTIONS = NO;
				ENABLE_STRICT_OBJC_MSGSEND = YES;
				GCC_C_LANGUAGE_STANDARD = gnu99;
				GCC_NO_COMMON_BLOCKS = YES;
				GCC_WARN_64_TO_32_BIT_CONVERSION = YES;
				GCC_WARN_ABOUT_RETURN_TYPE = YES_ERROR;
				GCC_WARN_UNDECLARED_SELECTOR = YES;
				GCC_WARN_UNINITIALIZED_AUTOS = YES_AGGRESSIVE;
				GCC_WARN_UNUSED_FUNCTION = YES;
				GCC_WARN_UNUSED_VARIABLE = YES;
				IPHONEOS_DEPLOYMENT_TARGET = 9.2;
				MTL_ENABLE_DEBUG_INFO = NO;
				SDKROOT = macosx;
				SUPPORTED_PLATFORMS = "iphonesimulator iphoneos macosx";
				TARGETED_DEVICE_FAMILY = "1,2";
				VALIDATE_PRODUCT = YES;
				VALID_ARCHS = "arm64 armv7 armv7s i386 x86_64";
				VERSIONING_SYSTEM = "apple-generic";
				VERSION_INFO_PREFIX = "";
			};
			name = Release;
		};
		DC624E7D1C55AED40003C653 /* Debug */ = {
			isa = XCBuildConfiguration;
			buildSettings = {
				DEFINES_MODULE = YES;
				DYLIB_COMPATIBILITY_VERSION = 1;
				DYLIB_CURRENT_VERSION = 1;
				DYLIB_INSTALL_NAME_BASE = "@rpath";
				INFOPLIST_FILE = Jolt/Info.plist;
				INSTALL_PATH = "$(LOCAL_LIBRARY_DIR)/Frameworks";
				LD_RUNPATH_SEARCH_PATHS = "$(inherited) @executable_path/Frameworks @loader_path/Frameworks";
				PRODUCT_BUNDLE_IDENTIFIER = TheArtOfEngineering.Jolt;
				PRODUCT_NAME = "$(TARGET_NAME)";
				SKIP_INSTALL = YES;
			};
			name = Debug;
		};
		DC624E7E1C55AED40003C653 /* Release */ = {
			isa = XCBuildConfiguration;
			buildSettings = {
				DEFINES_MODULE = YES;
				DYLIB_COMPATIBILITY_VERSION = 1;
				DYLIB_CURRENT_VERSION = 1;
				DYLIB_INSTALL_NAME_BASE = "@rpath";
				INFOPLIST_FILE = Jolt/Info.plist;
				INSTALL_PATH = "$(LOCAL_LIBRARY_DIR)/Frameworks";
				LD_RUNPATH_SEARCH_PATHS = "$(inherited) @executable_path/Frameworks @loader_path/Frameworks";
				PRODUCT_BUNDLE_IDENTIFIER = TheArtOfEngineering.Jolt;
				PRODUCT_NAME = "$(TARGET_NAME)";
				SKIP_INSTALL = YES;
			};
			name = Release;
		};
		DC624E801C55AED40003C653 /* Debug */ = {
			isa = XCBuildConfiguration;
			buildSettings = {
				INFOPLIST_FILE = JoltTests/Info.plist;
				LD_RUNPATH_SEARCH_PATHS = "$(inherited) @executable_path/Frameworks @loader_path/Frameworks";
				PRODUCT_BUNDLE_IDENTIFIER = TheArtOfEngineering.JoltTests;
				PRODUCT_NAME = "$(TARGET_NAME)";
				SWIFT_OPTIMIZATION_LEVEL = "-Owholemodule";
			};
			name = Debug;
		};
		DC624E811C55AED40003C653 /* Release */ = {
			isa = XCBuildConfiguration;
			buildSettings = {
				INFOPLIST_FILE = JoltTests/Info.plist;
				LD_RUNPATH_SEARCH_PATHS = "$(inherited) @executable_path/Frameworks @loader_path/Frameworks";
				PRODUCT_BUNDLE_IDENTIFIER = TheArtOfEngineering.JoltTests;
				PRODUCT_NAME = "$(TARGET_NAME)";
				SWIFT_OPTIMIZATION_LEVEL = "-Owholemodule";
			};
			name = Release;
		};
/* End XCBuildConfiguration section */

/* Begin XCConfigurationList section */
		DC624E621C55AED40003C653 /* Build configuration list for PBXProject "Jolt" */ = {
			isa = XCConfigurationList;
			buildConfigurations = (
				DC624E7A1C55AED40003C653 /* Debug */,
				DC624E7B1C55AED40003C653 /* Release */,
			);
			defaultConfigurationIsVisible = 0;
			defaultConfigurationName = Release;
		};
		DC624E7C1C55AED40003C653 /* Build configuration list for PBXNativeTarget "Jolt" */ = {
			isa = XCConfigurationList;
			buildConfigurations = (
				DC624E7D1C55AED40003C653 /* Debug */,
				DC624E7E1C55AED40003C653 /* Release */,
			);
			defaultConfigurationIsVisible = 0;
			defaultConfigurationName = Release;
		};
		DC624E7F1C55AED40003C653 /* Build configuration list for PBXNativeTarget "JoltTests" */ = {
			isa = XCConfigurationList;
			buildConfigurations = (
				DC624E801C55AED40003C653 /* Debug */,
				DC624E811C55AED40003C653 /* Release */,
			);
			defaultConfigurationIsVisible = 0;
			defaultConfigurationName = Release;
		};
/* End XCConfigurationList section */
	};
	rootObject = DC624E5F1C55AED40003C653 /* Project object */;
}
